
Microsoft Visual Studio Solution File, Format Version 12.00
# Visual Studio Version 17
VisualStudioVersion = 17.7.34221.43
MinimumVisualStudioVersion = 10.0.40219.1
Project("{FAE04EC0-301F-11D3-BF4B-00C04F79EFBC}") = "AppWeb", "AppWeb\AppWeb.csproj", "{CD514804-8701-4DB0-BEC9-1FD06B61DBB2}"
EndProject
Global
	GlobalSection(SolutionConfigurationPlatforms) = preSolution
		Debug|Any CPU = Debug|Any CPU
		Release|Any CPU = Release|Any CPU
	EndGlobalSection
	GlobalSection(ProjectConfigurationPlatforms) = postSolution
		{CD514804-8701-4DB0-BEC9-1FD06B61DBB2}.Debug|Any CPU.ActiveCfg = Debug|Any CPU
		{CD514804-8701-4DB0-BEC9-1FD06B61DBB2}.Debug|Any CPU.Build.0 = Debug|Any CPU
		{CD514804-8701-4DB0-BEC9-1FD06B61DBB2}.Release|Any CPU.ActiveCfg = Release|Any CPU
		{CD514804-8701-4DB0-BEC9-1FD06B61DBB2}.Release|Any CPU.Build.0 = Release|Any CPU
	EndGlobalSection
	GlobalSection(SolutionProperties) = preSolution
		HideSolutionNode = FALSE
	EndGlobalSection
	GlobalSection(ExtensibilityGlobals) = postSolution
		SolutionGuid = {57AAC167-2C1E-47A1-92D7-39EBAFE86677}
	EndGlobalSection
EndGlobal
